
Microsoft Visual Studio Solution File, Format Version 12.00
Project("{FAE04EC0-301F-11D3-BF4B-00C04F79EFBC}") = "Docs", "Documentation\Docs\Docs.csproj", "{7BA8ACA6-486C-411B-8C93-B90A1C0B448C}"
EndProject
Project("{2150E333-8FDC-42A3-9474-1A3956D46DE8}") = "src", "src", "{223539CA-12C2-4EA3-B2AE-96C365001D8A}"
EndProject
Project("{2150E333-8FDC-42A3-9474-1A3956D46DE8}") = "core", "core", "{071768FC-8A21-468F-9F0B-B522B72559D3}"
EndProject
Project("{2150E333-8FDC-42A3-9474-1A3956D46DE8}") = "Tools", "Tools", "{D748BB45-B1C0-477D-A6F0-55714FE3EA91}"
EndProject
Project("{FAE04EC0-301F-11D3-BF4B-00C04F79EFBC}") = "ViaEventAssociation.Core.Tools.OperationResult", "src\core\Tools\ViaEventAssociation.Core.Tools.OperationResult\ViaEventAssociation.Core.Tools.OperationResult.csproj", "{3FE81B46-CF88-4AC7-B391-912091A46945}"
EndProject
Project("{2150E333-8FDC-42A3-9474-1A3956D46DE8}") = "Documentation", "Documentation", "{E0DA2460-445B-4118-B87D-B6B4E8B2A0B9}"
EndProject
Project("{2150E333-8FDC-42A3-9474-1A3956D46DE8}") = "Tests", "Tests", "{4A077ECE-0CF1-40A7-81E2-FBE0E3728E19}"
EndProject
Project("{FAE04EC0-301F-11D3-BF4B-00C04F79EFBC}") = "UnitTests", "Tests\UnitTests\UnitTests.csproj", "{721B1A9F-B5E2-4369-A67E-A55D6BDF6268}"
EndProject
Project("{FAE04EC0-301F-11D3-BF4B-00C04F79EFBC}") = "VIAEventAssociation.Core.Domain", "src\Core\VIAEventAssociation.Core.Domain\VIAEventAssociation.Core.Domain.csproj", "{8559145F-909D-4618-9B86-BDF9627AD41D}"
EndProject
Global
	GlobalSection(SolutionConfigurationPlatforms) = preSolution
		Debug|Any CPU = Debug|Any CPU
		Release|Any CPU = Release|Any CPU
	EndGlobalSection
	GlobalSection(ProjectConfigurationPlatforms) = postSolution
		{7BA8ACA6-486C-411B-8C93-B90A1C0B448C}.Debug|Any CPU.ActiveCfg = Debug|Any CPU
		{7BA8ACA6-486C-411B-8C93-B90A1C0B448C}.Debug|Any CPU.Build.0 = Debug|Any CPU
		{7BA8ACA6-486C-411B-8C93-B90A1C0B448C}.Release|Any CPU.ActiveCfg = Release|Any CPU
		{7BA8ACA6-486C-411B-8C93-B90A1C0B448C}.Release|Any CPU.Build.0 = Release|Any CPU
		{3FE81B46-CF88-4AC7-B391-912091A46945}.Debug|Any CPU.ActiveCfg = Debug|Any CPU
		{3FE81B46-CF88-4AC7-B391-912091A46945}.Debug|Any CPU.Build.0 = Debug|Any CPU
		{3FE81B46-CF88-4AC7-B391-912091A46945}.Release|Any CPU.ActiveCfg = Release|Any CPU
		{3FE81B46-CF88-4AC7-B391-912091A46945}.Release|Any CPU.Build.0 = Release|Any CPU
		{721B1A9F-B5E2-4369-A67E-A55D6BDF6268}.Debug|Any CPU.ActiveCfg = Debug|Any CPU
		{721B1A9F-B5E2-4369-A67E-A55D6BDF6268}.Debug|Any CPU.Build.0 = Debug|Any CPU
		{721B1A9F-B5E2-4369-A67E-A55D6BDF6268}.Release|Any CPU.ActiveCfg = Release|Any CPU
		{721B1A9F-B5E2-4369-A67E-A55D6BDF6268}.Release|Any CPU.Build.0 = Release|Any CPU
		{8559145F-909D-4618-9B86-BDF9627AD41D}.Debug|Any CPU.ActiveCfg = Debug|Any CPU
		{8559145F-909D-4618-9B86-BDF9627AD41D}.Debug|Any CPU.Build.0 = Debug|Any CPU
		{8559145F-909D-4618-9B86-BDF9627AD41D}.Release|Any CPU.ActiveCfg = Release|Any CPU
		{8559145F-909D-4618-9B86-BDF9627AD41D}.Release|Any CPU.Build.0 = Release|Any CPU
	EndGlobalSection
	GlobalSection(NestedProjects) = preSolution
		{071768FC-8A21-468F-9F0B-B522B72559D3} = {223539CA-12C2-4EA3-B2AE-96C365001D8A}
		{D748BB45-B1C0-477D-A6F0-55714FE3EA91} = {071768FC-8A21-468F-9F0B-B522B72559D3}
		{3FE81B46-CF88-4AC7-B391-912091A46945} = {D748BB45-B1C0-477D-A6F0-55714FE3EA91}
		{7BA8ACA6-486C-411B-8C93-B90A1C0B448C} = {E0DA2460-445B-4118-B87D-B6B4E8B2A0B9}
		{721B1A9F-B5E2-4369-A67E-A55D6BDF6268} = {4A077ECE-0CF1-40A7-81E2-FBE0E3728E19}
		{8559145F-909D-4618-9B86-BDF9627AD41D} = {071768FC-8A21-468F-9F0B-B522B72559D3}
	EndGlobalSection
EndGlobal
