
Microsoft Visual Studio Solution File, Format Version 12.00
Project("{FAE04EC0-301F-11D3-BF4B-00C04F79EFBC}") = "Docs", "Documentation\Docs\Docs.csproj", "{7BA8ACA6-486C-411B-8C93-B90A1C0B448C}"
EndProject
Project("{2150E333-8FDC-42A3-9474-1A3956D46DE8}") = "src", "src", "{223539CA-12C2-4EA3-B2AE-96C365001D8A}"
EndProject
Project("{2150E333-8FDC-42A3-9474-1A3956D46DE8}") = "core", "core", "{071768FC-8A21-468F-9F0B-B522B72559D3}"
EndProject
Project("{2150E333-8FDC-42A3-9474-1A3956D46DE8}") = "Tools", "Tools", "{D748BB45-B1C0-477D-A6F0-55714FE3EA91}"
EndProject
Project("{FAE04EC0-301F-11D3-BF4B-00C04F79EFBC}") = "ViaEventAssociation.Core.Tools.OperationResult", "src\core\Tools\ViaEventAssociation.Core.Tools.OperationResult\ViaEventAssociation.Core.Tools.OperationResult.csproj", "{3FE81B46-CF88-4AC7-B391-912091A46945}"
EndProject
Project("{2150E333-8FDC-42A3-9474-1A3956D46DE8}") = "Documentation", "Documentation", "{E0DA2460-445B-4118-B87D-B6B4E8B2A0B9}"
EndProject
Project("{2150E333-8FDC-42A3-9474-1A3956D46DE8}") = "Tests", "Tests", "{4A077ECE-0CF1-40A7-81E2-FBE0E3728E19}"
EndProject
Project("{FAE04EC0-301F-11D3-BF4B-00C04F79EFBC}") = "UnitTests", "Tests\UnitTests\UnitTests.csproj", "{721B1A9F-B5E2-4369-A67E-A55D6BDF6268}"
EndProject
Project("{FAE04EC0-301F-11D3-BF4B-00C04F79EFBC}") = "VIAEventAssociation.Core.Domain", "src\Core\VIAEventAssociation.Core.Domain\VIAEventAssociation.Core.Domain.csproj", "{8559145F-909D-4618-9B86-BDF9627AD41D}"
EndProject
Project("{FAE04EC0-301F-11D3-BF4B-00C04F79EFBC}") = "VIAEventAssociation.Core.Application", "src\core\VIAEventAssociation.Core.Application\VIAEventAssociation.Core.Application.csproj", "{C9786B20-AF7F-45C5-9F5F-5C9C0169DC03}"
EndProject
Project("{FAE04EC0-301F-11D3-BF4B-00C04F79EFBC}") = "VIAEventAssociation.Core.AppEntry", "src\core\VIAEventAssociation.Core.AppEntry\VIAEventAssociation.Core.AppEntry.csproj", "{6A704171-8697-49EC-BF57-024BC7B9792C}"
EndProject
Project("{2150E333-8FDC-42A3-9474-1A3956D46DE8}") = "Infrastructure", "Infrastructure", "{4104A96E-4E7C-4025-9733-0F67085857D6}"
EndProject
Project("{FAE04EC0-301F-11D3-BF4B-00C04F79EFBC}") = "VIAEvent.Infrastructure.SqliteDmPersistence", "src\Infrastructure\VIAEvent.Infrastructure.SqliteDmPersistence\VIAEvent.Infrastructure.SqliteDmPersistence.csproj", "{9054D9F0-D3DB-42DF-94D9-C2C845F8B0BE}"
EndProject
Project("{FAE04EC0-301F-11D3-BF4B-00C04F79EFBC}") = "IntegrationTests", "Tests\IntegrationTests\IntegrationTests.csproj", "{7DB89A3A-35C6-49A5-9C8E-6709D7753A8F}"
EndProject
Project("{FAE04EC0-301F-11D3-BF4B-00C04F79EFBC}") = "VIAEventAssociation.Infrastructure.EfcQueries", "src\Infrastructure\VIAEventAssociation.Infrastructure.EfcQueries\VIAEventAssociation.Infrastructure.EfcQueries.csproj", "{2242A517-015A-4EB0-95D9-F153A4472164}"
EndProject
Project("{FAE04EC0-301F-11D3-BF4B-00C04F79EFBC}") = "VIAEventAssociation.Core.QueryContracts", "src\core\VIAEventAssociation.Core.QueryContracts\VIAEventAssociation.Core.QueryContracts.csproj", "{8507CCF8-E592-4B96-8070-DB5EEB1B4899}"
EndProject
Project("{2150E333-8FDC-42A3-9474-1A3956D46DE8}") = "Presentation", "Presentation", "{73709B56-6C7E-4722-A5C6-39DD6CB638C9}"
EndProject
Project("{FAE04EC0-301F-11D3-BF4B-00C04F79EFBC}") = "VIAEventAssociation.Presentation.WebApi", "src\VIAEventAssociation.Presentation.WebApi\VIAEventAssociation.Presentation.WebApi.csproj", "{50E394E6-89C4-4E97-916D-7A8C0F79F1BE}"
EndProject
Global
	GlobalSection(SolutionConfigurationPlatforms) = preSolution
		Debug|Any CPU = Debug|Any CPU
		Release|Any CPU = Release|Any CPU
	EndGlobalSection
	GlobalSection(ProjectConfigurationPlatforms) = postSolution
		{7BA8ACA6-486C-411B-8C93-B90A1C0B448C}.Debug|Any CPU.ActiveCfg = Debug|Any CPU
		{7BA8ACA6-486C-411B-8C93-B90A1C0B448C}.Debug|Any CPU.Build.0 = Debug|Any CPU
		{7BA8ACA6-486C-411B-8C93-B90A1C0B448C}.Release|Any CPU.ActiveCfg = Release|Any CPU
		{7BA8ACA6-486C-411B-8C93-B90A1C0B448C}.Release|Any CPU.Build.0 = Release|Any CPU
		{3FE81B46-CF88-4AC7-B391-912091A46945}.Debug|Any CPU.ActiveCfg = Debug|Any CPU
		{3FE81B46-CF88-4AC7-B391-912091A46945}.Debug|Any CPU.Build.0 = Debug|Any CPU
		{3FE81B46-CF88-4AC7-B391-912091A46945}.Release|Any CPU.ActiveCfg = Release|Any CPU
		{3FE81B46-CF88-4AC7-B391-912091A46945}.Release|Any CPU.Build.0 = Release|Any CPU
		{721B1A9F-B5E2-4369-A67E-A55D6BDF6268}.Debug|Any CPU.ActiveCfg = Debug|Any CPU
		{721B1A9F-B5E2-4369-A67E-A55D6BDF6268}.Debug|Any CPU.Build.0 = Debug|Any CPU
		{721B1A9F-B5E2-4369-A67E-A55D6BDF6268}.Release|Any CPU.ActiveCfg = Release|Any CPU
		{721B1A9F-B5E2-4369-A67E-A55D6BDF6268}.Release|Any CPU.Build.0 = Release|Any CPU
		{8559145F-909D-4618-9B86-BDF9627AD41D}.Debug|Any CPU.ActiveCfg = Debug|Any CPU
		{8559145F-909D-4618-9B86-BDF9627AD41D}.Debug|Any CPU.Build.0 = Debug|Any CPU
		{8559145F-909D-4618-9B86-BDF9627AD41D}.Release|Any CPU.ActiveCfg = Release|Any CPU
		{8559145F-909D-4618-9B86-BDF9627AD41D}.Release|Any CPU.Build.0 = Release|Any CPU
		{C9786B20-AF7F-45C5-9F5F-5C9C0169DC03}.Debug|Any CPU.ActiveCfg = Debug|Any CPU
		{C9786B20-AF7F-45C5-9F5F-5C9C0169DC03}.Debug|Any CPU.Build.0 = Debug|Any CPU
		{C9786B20-AF7F-45C5-9F5F-5C9C0169DC03}.Release|Any CPU.ActiveCfg = Release|Any CPU
		{C9786B20-AF7F-45C5-9F5F-5C9C0169DC03}.Release|Any CPU.Build.0 = Release|Any CPU
		{6A704171-8697-49EC-BF57-024BC7B9792C}.Debug|Any CPU.ActiveCfg = Debug|Any CPU
		{6A704171-8697-49EC-BF57-024BC7B9792C}.Debug|Any CPU.Build.0 = Debug|Any CPU
		{6A704171-8697-49EC-BF57-024BC7B9792C}.Release|Any CPU.ActiveCfg = Release|Any CPU
		{6A704171-8697-49EC-BF57-024BC7B9792C}.Release|Any CPU.Build.0 = Release|Any CPU
		{9054D9F0-D3DB-42DF-94D9-C2C845F8B0BE}.Debug|Any CPU.ActiveCfg = Debug|Any CPU
		{9054D9F0-D3DB-42DF-94D9-C2C845F8B0BE}.Debug|Any CPU.Build.0 = Debug|Any CPU
		{9054D9F0-D3DB-42DF-94D9-C2C845F8B0BE}.Release|Any CPU.ActiveCfg = Release|Any CPU
		{9054D9F0-D3DB-42DF-94D9-C2C845F8B0BE}.Release|Any CPU.Build.0 = Release|Any CPU
		{7DB89A3A-35C6-49A5-9C8E-6709D7753A8F}.Debug|Any CPU.ActiveCfg = Debug|Any CPU
		{7DB89A3A-35C6-49A5-9C8E-6709D7753A8F}.Debug|Any CPU.Build.0 = Debug|Any CPU
		{7DB89A3A-35C6-49A5-9C8E-6709D7753A8F}.Release|Any CPU.ActiveCfg = Release|Any CPU
		{7DB89A3A-35C6-49A5-9C8E-6709D7753A8F}.Release|Any CPU.Build.0 = Release|Any CPU
		{2242A517-015A-4EB0-95D9-F153A4472164}.Debug|Any CPU.ActiveCfg = Debug|Any CPU
		{2242A517-015A-4EB0-95D9-F153A4472164}.Debug|Any CPU.Build.0 = Debug|Any CPU
		{2242A517-015A-4EB0-95D9-F153A4472164}.Release|Any CPU.ActiveCfg = Release|Any CPU
		{2242A517-015A-4EB0-95D9-F153A4472164}.Release|Any CPU.Build.0 = Release|Any CPU
		{8507CCF8-E592-4B96-8070-DB5EEB1B4899}.Debug|Any CPU.ActiveCfg = Debug|Any CPU
		{8507CCF8-E592-4B96-8070-DB5EEB1B4899}.Debug|Any CPU.Build.0 = Debug|Any CPU
		{8507CCF8-E592-4B96-8070-DB5EEB1B4899}.Release|Any CPU.ActiveCfg = Release|Any CPU
		{8507CCF8-E592-4B96-8070-DB5EEB1B4899}.Release|Any CPU.Build.0 = Release|Any CPU
		{50E394E6-89C4-4E97-916D-7A8C0F79F1BE}.Debug|Any CPU.ActiveCfg = Debug|Any CPU
		{50E394E6-89C4-4E97-916D-7A8C0F79F1BE}.Debug|Any CPU.Build.0 = Debug|Any CPU
		{50E394E6-89C4-4E97-916D-7A8C0F79F1BE}.Release|Any CPU.ActiveCfg = Release|Any CPU
		{50E394E6-89C4-4E97-916D-7A8C0F79F1BE}.Release|Any CPU.Build.0 = Release|Any CPU
	EndGlobalSection
	GlobalSection(NestedProjects) = preSolution
		{071768FC-8A21-468F-9F0B-B522B72559D3} = {223539CA-12C2-4EA3-B2AE-96C365001D8A}
		{D748BB45-B1C0-477D-A6F0-55714FE3EA91} = {071768FC-8A21-468F-9F0B-B522B72559D3}
		{3FE81B46-CF88-4AC7-B391-912091A46945} = {D748BB45-B1C0-477D-A6F0-55714FE3EA91}
		{7BA8ACA6-486C-411B-8C93-B90A1C0B448C} = {E0DA2460-445B-4118-B87D-B6B4E8B2A0B9}
		{721B1A9F-B5E2-4369-A67E-A55D6BDF6268} = {4A077ECE-0CF1-40A7-81E2-FBE0E3728E19}
		{8559145F-909D-4618-9B86-BDF9627AD41D} = {071768FC-8A21-468F-9F0B-B522B72559D3}
		{C9786B20-AF7F-45C5-9F5F-5C9C0169DC03} = {071768FC-8A21-468F-9F0B-B522B72559D3}
		{6A704171-8697-49EC-BF57-024BC7B9792C} = {071768FC-8A21-468F-9F0B-B522B72559D3}
		{4104A96E-4E7C-4025-9733-0F67085857D6} = {223539CA-12C2-4EA3-B2AE-96C365001D8A}
		{9054D9F0-D3DB-42DF-94D9-C2C845F8B0BE} = {4104A96E-4E7C-4025-9733-0F67085857D6}
		{7DB89A3A-35C6-49A5-9C8E-6709D7753A8F} = {4A077ECE-0CF1-40A7-81E2-FBE0E3728E19}
		{2242A517-015A-4EB0-95D9-F153A4472164} = {4104A96E-4E7C-4025-9733-0F67085857D6}
		{8507CCF8-E592-4B96-8070-DB5EEB1B4899} = {071768FC-8A21-468F-9F0B-B522B72559D3}
		{73709B56-6C7E-4722-A5C6-39DD6CB638C9} = {223539CA-12C2-4EA3-B2AE-96C365001D8A}
		{50E394E6-89C4-4E97-916D-7A8C0F79F1BE} = {73709B56-6C7E-4722-A5C6-39DD6CB638C9}
	EndGlobalSection
EndGlobal
